// !$*UTF8*$!
{
	archiveVersion = 1;
	classes = {
	};
	objectVersion = 56;
	objects = {

/* Begin PBXBuildFile section */
		2881D51E2CFF104400FBCBA6 /* ProfilePageApp.swift in Sources */ = {isa = PBXBuildFile; fileRef = 2881D51D2CFF104400FBCBA6 /* ProfilePageApp.swift */; };
		2881D5202CFF104400FBCBA6 /* ContentView.swift in Sources */ = {isa = PBXBuildFile; fileRef = 2881D51F2CFF104400FBCBA6 /* ContentView.swift */; };
		2881D5222CFF104600FBCBA6 /* Assets.xcassets in Resources */ = {isa = PBXBuildFile; fileRef = 2881D5212CFF104600FBCBA6 /* Assets.xcassets */; };
		2881D5252CFF104600FBCBA6 /* Preview Assets.xcassets in Resources */ = {isa = PBXBuildFile; fileRef = 2881D5242CFF104600FBCBA6 /* Preview Assets.xcassets */; };
		2881D52C2CFF165200FBCBA6 /* GoogleService-Info.plist in Resources */ = {isa = PBXBuildFile; fileRef = 2881D52B2CFF165200FBCBA6 /* GoogleService-Info.plist */; };
		2881D5322CFF6C2900FBCBA6 /* UserModel.swift in Sources */ = {isa = PBXBuildFile; fileRef = 2881D5312CFF6C2900FBCBA6 /* UserModel.swift */; };
		2881D5342CFF71D800FBCBA6 /* ListUsersView.swift in Sources */ = {isa = PBXBuildFile; fileRef = 2881D5332CFF71D800FBCBA6 /* ListUsersView.swift */; };
		2881D5362CFF720E00FBCBA6 /* UsersViewModel.swift in Sources */ = {isa = PBXBuildFile; fileRef = 2881D5352CFF720E00FBCBA6 /* UsersViewModel.swift */; };
		6C0A0275F0EE740ED7FC8EB1 /* Pods_ProfilePage.framework in Frameworks */ = {isa = PBXBuildFile; fileRef = B20D8663488090BCE6F7FDFA /* Pods_ProfilePage.framework */; };
/* End PBXBuildFile section */

/* Begin PBXFileReference section */
		2881D51A2CFF104400FBCBA6 /* ProfilePage.app */ = {isa = PBXFileReference; explicitFileType = wrapper.application; includeInIndex = 0; path = ProfilePage.app; sourceTree = BUILT_PRODUCTS_DIR; };
		2881D51D2CFF104400FBCBA6 /* ProfilePageApp.swift */ = {isa = PBXFileReference; lastKnownFileType = sourcecode.swift; path = ProfilePageApp.swift; sourceTree = "<group>"; };
		2881D51F2CFF104400FBCBA6 /* ContentView.swift */ = {isa = PBXFileReference; lastKnownFileType = sourcecode.swift; path = ContentView.swift; sourceTree = "<group>"; };
		2881D5212CFF104600FBCBA6 /* Assets.xcassets */ = {isa = PBXFileReference; lastKnownFileType = folder.assetcatalog; path = Assets.xcassets; sourceTree = "<group>"; };
		2881D5242CFF104600FBCBA6 /* Preview Assets.xcassets */ = {isa = PBXFileReference; lastKnownFileType = folder.assetcatalog; path = "Preview Assets.xcassets"; sourceTree = "<group>"; };
		2881D52B2CFF165200FBCBA6 /* GoogleService-Info.plist */ = {isa = PBXFileReference; fileEncoding = 4; lastKnownFileType = text.plist.xml; path = "GoogleService-Info.plist"; sourceTree = "<group>"; };
		2881D5312CFF6C2900FBCBA6 /* UserModel.swift */ = {isa = PBXFileReference; lastKnownFileType = sourcecode.swift; path = UserModel.swift; sourceTree = "<group>"; };
		2881D5332CFF71D800FBCBA6 /* ListUsersView.swift */ = {isa = PBXFileReference; lastKnownFileType = sourcecode.swift; path = ListUsersView.swift; sourceTree = "<group>"; };
		2881D5352CFF720E00FBCBA6 /* UsersViewModel.swift */ = {isa = PBXFileReference; lastKnownFileType = sourcecode.swift; path = UsersViewModel.swift; sourceTree = "<group>"; };
		2AF81DA0033C88A836AFB948 /* Pods-ProfilePage.release.xcconfig */ = {isa = PBXFileReference; includeInIndex = 1; lastKnownFileType = text.xcconfig; name = "Pods-ProfilePage.release.xcconfig"; path = "Target Support Files/Pods-ProfilePage/Pods-ProfilePage.release.xcconfig"; sourceTree = "<group>"; };
		32A03954E1452932C762B15B /* Pods-ProfilePage.debug.xcconfig */ = {isa = PBXFileReference; includeInIndex = 1; lastKnownFileType = text.xcconfig; name = "Pods-ProfilePage.debug.xcconfig"; path = "Target Support Files/Pods-ProfilePage/Pods-ProfilePage.debug.xcconfig"; sourceTree = "<group>"; };
		B20D8663488090BCE6F7FDFA /* Pods_ProfilePage.framework */ = {isa = PBXFileReference; explicitFileType = wrapper.framework; includeInIndex = 0; path = Pods_ProfilePage.framework; sourceTree = BUILT_PRODUCTS_DIR; };
/* End PBXFileReference section */

/* Begin PBXFrameworksBuildPhase section */
		2881D5172CFF104400FBCBA6 /* Frameworks */ = {
			isa = PBXFrameworksBuildPhase;
			buildActionMask = 2147483647;
			files = (
				6C0A0275F0EE740ED7FC8EB1 /* Pods_ProfilePage.framework in Frameworks */,
			);
			runOnlyForDeploymentPostprocessing = 0;
		};
/* End PBXFrameworksBuildPhase section */

/* Begin PBXGroup section */
		2881D5112CFF104400FBCBA6 = {
			isa = PBXGroup;
			children = (
				2881D52B2CFF165200FBCBA6 /* GoogleService-Info.plist */,
				2881D51C2CFF104400FBCBA6 /* ProfilePage */,
				2881D51B2CFF104400FBCBA6 /* Products */,
				FA0CCDC595DC3C1156580FA3 /* Pods */,
				6CA34C75D9386E2B54ADEAAC /* Frameworks */,
			);
			sourceTree = "<group>";
		};
		2881D51B2CFF104400FBCBA6 /* Products */ = {
			isa = PBXGroup;
			children = (
				2881D51A2CFF104400FBCBA6 /* ProfilePage.app */,
			);
			name = Products;
			sourceTree = "<group>";
		};
		2881D51C2CFF104400FBCBA6 /* ProfilePage */ = {
			isa = PBXGroup;
			children = (
				2881D52D2CFF66AA00FBCBA6 /* base */,
				2881D52F2CFF66C800FBCBA6 /* model */,
				2881D52E2CFF66BA00FBCBA6 /* view */,
				2881D5302CFF66CF00FBCBA6 /* viewModel */,
				2881D5212CFF104600FBCBA6 /* Assets.xcassets */,
				2881D5232CFF104600FBCBA6 /* Preview Content */,
			);
			path = ProfilePage;
			sourceTree = "<group>";
		};
		2881D5232CFF104600FBCBA6 /* Preview Content */ = {
			isa = PBXGroup;
			children = (
				2881D5242CFF104600FBCBA6 /* Preview Assets.xcassets */,
			);
			path = "Preview Content";
			sourceTree = "<group>";
		};
		2881D52D2CFF66AA00FBCBA6 /* base */ = {
			isa = PBXGroup;
			children = (
				2881D51D2CFF104400FBCBA6 /* ProfilePageApp.swift */,
			);
			path = base;
			sourceTree = "<group>";
		};
		2881D52E2CFF66BA00FBCBA6 /* view */ = {
			isa = PBXGroup;
			children = (
				2881D51F2CFF104400FBCBA6 /* ContentView.swift */,
				2881D5332CFF71D800FBCBA6 /* ListUsersView.swift */,
			);
			path = view;
			sourceTree = "<group>";
		};
		2881D52F2CFF66C800FBCBA6 /* model */ = {
			isa = PBXGroup;
			children = (
				2881D5312CFF6C2900FBCBA6 /* UserModel.swift */,
			);
			path = model;
			sourceTree = "<group>";
		};
		2881D5302CFF66CF00FBCBA6 /* viewModel */ = {
			isa = PBXGroup;
			children = (
				2881D5352CFF720E00FBCBA6 /* UsersViewModel.swift */,
			);
			path = viewModel;
			sourceTree = "<group>";
		};
		6CA34C75D9386E2B54ADEAAC /* Frameworks */ = {
			isa = PBXGroup;
			children = (
				B20D8663488090BCE6F7FDFA /* Pods_ProfilePage.framework */,
			);
			name = Frameworks;
			sourceTree = "<group>";
		};
		FA0CCDC595DC3C1156580FA3 /* Pods */ = {
			isa = PBXGroup;
			children = (
				32A03954E1452932C762B15B /* Pods-ProfilePage.debug.xcconfig */,
				2AF81DA0033C88A836AFB948 /* Pods-ProfilePage.release.xcconfig */,
			);
			path = Pods;
			sourceTree = "<group>";
		};
/* End PBXGroup section */

/* Begin PBXNativeTarget section */
		2881D5192CFF104400FBCBA6 /* ProfilePage */ = {
			isa = PBXNativeTarget;
			buildConfigurationList = 2881D5282CFF104600FBCBA6 /* Build configuration list for PBXNativeTarget "ProfilePage" */;
			buildPhases = (
				64C69349BD6D2E18365C6DCD /* [CP] Check Pods Manifest.lock */,
				2881D5162CFF104400FBCBA6 /* Sources */,
				2881D5172CFF104400FBCBA6 /* Frameworks */,
				2881D5182CFF104400FBCBA6 /* Resources */,
				AAF92C7E4D0C4CE294BD990F /* [CP] Embed Pods Frameworks */,
			);
			buildRules = (
			);
			dependencies = (
			);
			name = ProfilePage;
			productName = ProfilePage;
			productReference = 2881D51A2CFF104400FBCBA6 /* ProfilePage.app */;
			productType = "com.apple.product-type.application";
		};
/* End PBXNativeTarget section */

/* Begin PBXProject section */
		2881D5122CFF104400FBCBA6 /* Project object */ = {
			isa = PBXProject;
			attributes = {
				BuildIndependentTargetsInParallel = 1;
				LastSwiftUpdateCheck = 1510;
				LastUpgradeCheck = 1510;
				TargetAttributes = {
					2881D5192CFF104400FBCBA6 = {
						CreatedOnToolsVersion = 15.1;
					};
				};
			};
			buildConfigurationList = 2881D5152CFF104400FBCBA6 /* Build configuration list for PBXProject "ProfilePage" */;
			compatibilityVersion = "Xcode 14.0";
			developmentRegion = en;
			hasScannedForEncodings = 0;
			knownRegions = (
				en,
				Base,
			);
			mainGroup = 2881D5112CFF104400FBCBA6;
			productRefGroup = 2881D51B2CFF104400FBCBA6 /* Products */;
			projectDirPath = "";
			projectRoot = "";
			targets = (
				2881D5192CFF104400FBCBA6 /* ProfilePage */,
			);
		};
/* End PBXProject section */

/* Begin PBXResourcesBuildPhase section */
		2881D5182CFF104400FBCBA6 /* Resources */ = {
			isa = PBXResourcesBuildPhase;
			buildActionMask = 2147483647;
			files = (
				2881D5252CFF104600FBCBA6 /* Preview Assets.xcassets in Resources */,
				2881D5222CFF104600FBCBA6 /* Assets.xcassets in Resources */,
				2881D52C2CFF165200FBCBA6 /* GoogleService-Info.plist in Resources */,
			);
			runOnlyForDeploymentPostprocessing = 0;
		};
/* End PBXResourcesBuildPhase section */

/* Begin PBXShellScriptBuildPhase section */
		64C69349BD6D2E18365C6DCD /* [CP] Check Pods Manifest.lock */ = {
			isa = PBXShellScriptBuildPhase;
			buildActionMask = 2147483647;
			files = (
			);
			inputFileListPaths = (
			);
			inputPaths = (
				"${PODS_PODFILE_DIR_PATH}/Podfile.lock",
				"${PODS_ROOT}/Manifest.lock",
			);
			name = "[CP] Check Pods Manifest.lock";
			outputFileListPaths = (
			);
			outputPaths = (
				"$(DERIVED_FILE_DIR)/Pods-ProfilePage-checkManifestLockResult.txt",
			);
			runOnlyForDeploymentPostprocessing = 0;
			shellPath = /bin/sh;
			shellScript = "diff \"${PODS_PODFILE_DIR_PATH}/Podfile.lock\" \"${PODS_ROOT}/Manifest.lock\" > /dev/null\nif [ $? != 0 ] ; then\n    # print error to STDERR\n    echo \"error: The sandbox is not in sync with the Podfile.lock. Run 'pod install' or update your CocoaPods installation.\" >&2\n    exit 1\nfi\n# This output is used by Xcode 'outputs' to avoid re-running this script phase.\necho \"SUCCESS\" > \"${SCRIPT_OUTPUT_FILE_0}\"\n";
			showEnvVarsInLog = 0;
		};
		AAF92C7E4D0C4CE294BD990F /* [CP] Embed Pods Frameworks */ = {
			isa = PBXShellScriptBuildPhase;
			buildActionMask = 2147483647;
			files = (
			);
			inputFileListPaths = (
				"${PODS_ROOT}/Target Support Files/Pods-ProfilePage/Pods-ProfilePage-frameworks-${CONFIGURATION}-input-files.xcfilelist",
			);
			name = "[CP] Embed Pods Frameworks";
			outputFileListPaths = (
				"${PODS_ROOT}/Target Support Files/Pods-ProfilePage/Pods-ProfilePage-frameworks-${CONFIGURATION}-output-files.xcfilelist",
			);
			runOnlyForDeploymentPostprocessing = 0;
			shellPath = /bin/sh;
			shellScript = "\"${PODS_ROOT}/Target Support Files/Pods-ProfilePage/Pods-ProfilePage-frameworks.sh\"\n";
			showEnvVarsInLog = 0;
		};
/* End PBXShellScriptBuildPhase section */

/* Begin PBXSourcesBuildPhase section */
		2881D5162CFF104400FBCBA6 /* Sources */ = {
			isa = PBXSourcesBuildPhase;
			buildActionMask = 2147483647;
			files = (
				2881D5202CFF104400FBCBA6 /* ContentView.swift in Sources */,
				2881D5322CFF6C2900FBCBA6 /* UserModel.swift in Sources */,
				2881D51E2CFF104400FBCBA6 /* ProfilePageApp.swift in Sources */,
				2881D5342CFF71D800FBCBA6 /* ListUsersView.swift in Sources */,
				2881D5362CFF720E00FBCBA6 /* UsersViewModel.swift in Sources */,
			);
			runOnlyForDeploymentPostprocessing = 0;
		};
/* End PBXSourcesBuildPhase section */

/* Begin XCBuildConfiguration section */
		2881D5262CFF104600FBCBA6 /* Debug */ = {
			isa = XCBuildConfiguration;
			buildSettings = {
				ALWAYS_SEARCH_USER_PATHS = NO;
				ASSETCATALOG_COMPILER_GENERATE_SWIFT_ASSET_SYMBOL_EXTENSIONS = YES;
				CLANG_ANALYZER_NONNULL = YES;
				CLANG_ANALYZER_NUMBER_OBJECT_CONVERSION = YES_AGGRESSIVE;
				CLANG_CXX_LANGUAGE_STANDARD = "gnu++20";
				CLANG_ENABLE_MODULES = YES;
				CLANG_ENABLE_OBJC_ARC = YES;
				CLANG_ENABLE_OBJC_WEAK = YES;
				CLANG_WARN_BLOCK_CAPTURE_AUTORELEASING = YES;
				CLANG_WARN_BOOL_CONVERSION = YES;
				CLANG_WARN_COMMA = YES;
				CLANG_WARN_CONSTANT_CONVERSION = YES;
				CLANG_WARN_DEPRECATED_OBJC_IMPLEMENTATIONS = YES;
				CLANG_WARN_DIRECT_OBJC_ISA_USAGE = YES_ERROR;
				CLANG_WARN_DOCUMENTATION_COMMENTS = YES;
				CLANG_WARN_EMPTY_BODY = YES;
				CLANG_WARN_ENUM_CONVERSION = YES;
				CLANG_WARN_INFINITE_RECURSION = YES;
				CLANG_WARN_INT_CONVERSION = YES;
				CLANG_WARN_NON_LITERAL_NULL_CONVERSION = YES;
				CLANG_WARN_OBJC_IMPLICIT_RETAIN_SELF = YES;
				CLANG_WARN_OBJC_LITERAL_CONVERSION = YES;
				CLANG_WARN_OBJC_ROOT_CLASS = YES_ERROR;
				CLANG_WARN_QUOTED_INCLUDE_IN_FRAMEWORK_HEADER = YES;
				CLANG_WARN_RANGE_LOOP_ANALYSIS = YES;
				CLANG_WARN_STRICT_PROTOTYPES = YES;
				CLANG_WARN_SUSPICIOUS_MOVE = YES;
				CLANG_WARN_UNGUARDED_AVAILABILITY = YES_AGGRESSIVE;
				CLANG_WARN_UNREACHABLE_CODE = YES;
				CLANG_WARN__DUPLICATE_METHOD_MATCH = YES;
				COPY_PHASE_STRIP = NO;
				DEBUG_INFORMATION_FORMAT = dwarf;
				ENABLE_STRICT_OBJC_MSGSEND = YES;
				ENABLE_TESTABILITY = YES;
				ENABLE_USER_SCRIPT_SANDBOXING = NO;
				GCC_C_LANGUAGE_STANDARD = gnu17;
				GCC_DYNAMIC_NO_PIC = NO;
				GCC_NO_COMMON_BLOCKS = YES;
				GCC_OPTIMIZATION_LEVEL = 0;
				GCC_PREPROCESSOR_DEFINITIONS = (
					"DEBUG=1",
					"$(inherited)",
				);
				GCC_WARN_64_TO_32_BIT_CONVERSION = YES;
				GCC_WARN_ABOUT_RETURN_TYPE = YES_ERROR;
				GCC_WARN_UNDECLARED_SELECTOR = YES;
				GCC_WARN_UNINITIALIZED_AUTOS = YES_AGGRESSIVE;
				GCC_WARN_UNUSED_FUNCTION = YES;
				GCC_WARN_UNUSED_VARIABLE = YES;
				IPHONEOS_DEPLOYMENT_TARGET = 15.0;
				LOCALIZATION_PREFERS_STRING_CATALOGS = YES;
				MTL_ENABLE_DEBUG_INFO = INCLUDE_SOURCE;
				MTL_FAST_MATH = YES;
				ONLY_ACTIVE_ARCH = YES;
				SDKROOT = iphoneos;
				SWIFT_ACTIVE_COMPILATION_CONDITIONS = "DEBUG $(inherited)";
				SWIFT_OPTIMIZATION_LEVEL = "-Onone";
			};
			name = Debug;
		};
		2881D5272CFF104600FBCBA6 /* Release */ = {
			isa = XCBuildConfiguration;
			buildSettings = {
				ALWAYS_SEARCH_USER_PATHS = NO;
				ASSETCATALOG_COMPILER_GENERATE_SWIFT_ASSET_SYMBOL_EXTENSIONS = YES;
				CLANG_ANALYZER_NONNULL = YES;
				CLANG_ANALYZER_NUMBER_OBJECT_CONVERSION = YES_AGGRESSIVE;
				CLANG_CXX_LANGUAGE_STANDARD = "gnu++20";
				CLANG_ENABLE_MODULES = YES;
				CLANG_ENABLE_OBJC_ARC = YES;
				CLANG_ENABLE_OBJC_WEAK = YES;
				CLANG_WARN_BLOCK_CAPTURE_AUTORELEASING = YES;
				CLANG_WARN_BOOL_CONVERSION = YES;
				CLANG_WARN_COMMA = YES;
				CLANG_WARN_CONSTANT_CONVERSION = YES;
				CLANG_WARN_DEPRECATED_OBJC_IMPLEMENTATIONS = YES;
				CLANG_WARN_DIRECT_OBJC_ISA_USAGE = YES_ERROR;
				CLANG_WARN_DOCUMENTATION_COMMENTS = YES;
				CLANG_WARN_EMPTY_BODY = YES;
				CLANG_WARN_ENUM_CONVERSION = YES;
				CLANG_WARN_INFINITE_RECURSION = YES;
				CLANG_WARN_INT_CONVERSION = YES;
				CLANG_WARN_NON_LITERAL_NULL_CONVERSION = YES;
				CLANG_WARN_OBJC_IMPLICIT_RETAIN_SELF = YES;
				CLANG_WARN_OBJC_LITERAL_CONVERSION = YES;
				CLANG_WARN_OBJC_ROOT_CLASS = YES_ERROR;
				CLANG_WARN_QUOTED_INCLUDE_IN_FRAMEWORK_HEADER = YES;
				CLANG_WARN_RANGE_LOOP_ANALYSIS = YES;
				CLANG_WARN_STRICT_PROTOTYPES = YES;
				CLANG_WARN_SUSPICIOUS_MOVE = YES;
				CLANG_WARN_UNGUARDED_AVAILABILITY = YES_AGGRESSIVE;
				CLANG_WARN_UNREACHABLE_CODE = YES;
				CLANG_WARN__DUPLICATE_METHOD_MATCH = YES;
				COPY_PHASE_STRIP = NO;
				DEBUG_INFORMATION_FORMAT = "dwarf-with-dsym";
				ENABLE_NS_ASSERTIONS = NO;
				ENABLE_STRICT_OBJC_MSGSEND = YES;
				ENABLE_USER_SCRIPT_SANDBOXING = NO;
				GCC_C_LANGUAGE_STANDARD = gnu17;
				GCC_NO_COMMON_BLOCKS = YES;
				GCC_WARN_64_TO_32_BIT_CONVERSION = YES;
				GCC_WARN_ABOUT_RETURN_TYPE = YES_ERROR;
				GCC_WARN_UNDECLARED_SELECTOR = YES;
				GCC_WARN_UNINITIALIZED_AUTOS = YES_AGGRESSIVE;
				GCC_WARN_UNUSED_FUNCTION = YES;
				GCC_WARN_UNUSED_VARIABLE = YES;
				IPHONEOS_DEPLOYMENT_TARGET = 15.0;
				LOCALIZATION_PREFERS_STRING_CATALOGS = YES;
				MTL_ENABLE_DEBUG_INFO = NO;
				MTL_FAST_MATH = YES;
				SDKROOT = iphoneos;
				SWIFT_COMPILATION_MODE = wholemodule;
				VALIDATE_PRODUCT = YES;
			};
			name = Release;
		};
		2881D5292CFF104600FBCBA6 /* Debug */ = {
			isa = XCBuildConfiguration;
			baseConfigurationReference = 32A03954E1452932C762B15B /* Pods-ProfilePage.debug.xcconfig */;
			buildSettings = {
				ASSETCATALOG_COMPILER_APPICON_NAME = AppIcon;
				ASSETCATALOG_COMPILER_GLOBAL_ACCENT_COLOR_NAME = AccentColor;
				CODE_SIGN_STYLE = Automatic;
				CURRENT_PROJECT_VERSION = 1;
				DEVELOPMENT_ASSET_PATHS = "\"ProfilePage/Preview Content\"";
				DEVELOPMENT_TEAM = PSV5RNSML2;
				ENABLE_PREVIEWS = YES;
				GENERATE_INFOPLIST_FILE = YES;
				INFOPLIST_KEY_UIApplicationSceneManifest_Generation = YES;
				INFOPLIST_KEY_UIApplicationSupportsIndirectInputEvents = YES;
				INFOPLIST_KEY_UILaunchScreen_Generation = YES;
				INFOPLIST_KEY_UISupportedInterfaceOrientations = "UIInterfaceOrientationPortrait UIInterfaceOrientationPortraitUpsideDown";
				IPHONEOS_DEPLOYMENT_TARGET = 15.0;
				LD_RUNPATH_SEARCH_PATHS = (
					"$(inherited)",
					"@executable_path/Frameworks",
				);
				MARKETING_VERSION = 1.0;
				PRODUCT_BUNDLE_IDENTIFIER = com.hafied.ProfilePage;
				PRODUCT_NAME = "$(TARGET_NAME)";
				SWIFT_EMIT_LOC_STRINGS = YES;
				SWIFT_VERSION = 5.0;
				TARGETED_DEVICE_FAMILY = "1,2";
			};
			name = Debug;
		};
		2881D52A2CFF104600FBCBA6 /* Release */ = {
			isa = XCBuildConfiguration;
			baseConfigurationReference = 2AF81DA0033C88A836AFB948 /* Pods-ProfilePage.release.xcconfig */;
			buildSettings = {
				ASSETCATALOG_COMPILER_APPICON_NAME = AppIcon;
				ASSETCATALOG_COMPILER_GLOBAL_ACCENT_COLOR_NAME = AccentColor;
				CODE_SIGN_STYLE = Automatic;
				CURRENT_PROJECT_VERSION = 1;
				DEVELOPMENT_ASSET_PATHS = "\"ProfilePage/Preview Content\"";
				DEVELOPMENT_TEAM = PSV5RNSML2;
				ENABLE_PREVIEWS = YES;
				GENERATE_INFOPLIST_FILE = YES;
				INFOPLIST_KEY_UIApplicationSceneManifest_Generation = YES;
				INFOPLIST_KEY_UIApplicationSupportsIndirectInputEvents = YES;
				INFOPLIST_KEY_UILaunchScreen_Generation = YES;
				INFOPLIST_KEY_UISupportedInterfaceOrientations = "UIInterfaceOrientationPortrait UIInterfaceOrientationPortraitUpsideDown";
				IPHONEOS_DEPLOYMENT_TARGET = 15.0;
				LD_RUNPATH_SEARCH_PATHS = (
					"$(inherited)",
					"@executable_path/Frameworks",
				);
				MARKETING_VERSION = 1.0;
				PRODUCT_BUNDLE_IDENTIFIER = com.hafied.ProfilePage;
				PRODUCT_NAME = "$(TARGET_NAME)";
				SWIFT_EMIT_LOC_STRINGS = YES;
				SWIFT_VERSION = 5.0;
				TARGETED_DEVICE_FAMILY = "1,2";
			};
			name = Release;
		};
/* End XCBuildConfiguration section */

/* Begin XCConfigurationList section */
		2881D5152CFF104400FBCBA6 /* Build configuration list for PBXProject "ProfilePage" */ = {
			isa = XCConfigurationList;
			buildConfigurations = (
				2881D5262CFF104600FBCBA6 /* Debug */,
				2881D5272CFF104600FBCBA6 /* Release */,
			);
			defaultConfigurationIsVisible = 0;
			defaultConfigurationName = Release;
		};
		2881D5282CFF104600FBCBA6 /* Build configuration list for PBXNativeTarget "ProfilePage" */ = {
			isa = XCConfigurationList;
			buildConfigurations = (
				2881D5292CFF104600FBCBA6 /* Debug */,
				2881D52A2CFF104600FBCBA6 /* Release */,
			);
			defaultConfigurationIsVisible = 0;
			defaultConfigurationName = Release;
		};
/* End XCConfigurationList section */
	};
	rootObject = 2881D5122CFF104400FBCBA6 /* Project object */;
}
